// !$*UTF8*$!
{
	archiveVersion = 1;
	classes = {
	};
	objectVersion = 55;
	objects = {

/* Begin PBXBuildFile section */
		B929EBA6271EF163002BEE74 /* AppDelegate.swift in Sources */ = {isa = PBXBuildFile; fileRef = B929EBA5271EF163002BEE74 /* AppDelegate.swift */; };
		B929EBA8271EF163002BEE74 /* SceneDelegate.swift in Sources */ = {isa = PBXBuildFile; fileRef = B929EBA7271EF163002BEE74 /* SceneDelegate.swift */; };
		B929EBAA271EF163002BEE74 /* ViewController.swift in Sources */ = {isa = PBXBuildFile; fileRef = B929EBA9271EF163002BEE74 /* ViewController.swift */; };
		B929EBAD271EF163002BEE74 /* Main.storyboard in Resources */ = {isa = PBXBuildFile; fileRef = B929EBAB271EF163002BEE74 /* Main.storyboard */; };
		B929EBB0271EF163002BEE74 /* FavMovies.xcdatamodeld in Sources */ = {isa = PBXBuildFile; fileRef = B929EBAE271EF163002BEE74 /* FavMovies.xcdatamodeld */; };
		B929EBB2271EF164002BEE74 /* Assets.xcassets in Resources */ = {isa = PBXBuildFile; fileRef = B929EBB1271EF164002BEE74 /* Assets.xcassets */; };
		B929EBB5271EF164002BEE74 /* LaunchScreen.storyboard in Resources */ = {isa = PBXBuildFile; fileRef = B929EBB3271EF164002BEE74 /* LaunchScreen.storyboard */; };
		B9F09303271EF8EC00A39E68 /* Movies.swift in Sources */ = {isa = PBXBuildFile; fileRef = B9F09302271EF8EC00A39E68 /* Movies.swift */; };
		B9F09305271EF91000A39E68 /* SecondViewController.swift in Sources */ = {isa = PBXBuildFile; fileRef = B9F09304271EF91000A39E68 /* SecondViewController.swift */; };
/* End PBXBuildFile section */

/* Begin PBXFileReference section */
		B929EBA2271EF163002BEE74 /* FavMovies.app */ = {isa = PBXFileReference; explicitFileType = wrapper.application; includeInIndex = 0; path = FavMovies.app; sourceTree = BUILT_PRODUCTS_DIR; };
		B929EBA5271EF163002BEE74 /* AppDelegate.swift */ = {isa = PBXFileReference; lastKnownFileType = sourcecode.swift; path = AppDelegate.swift; sourceTree = "<group>"; };
		B929EBA7271EF163002BEE74 /* SceneDelegate.swift */ = {isa = PBXFileReference; lastKnownFileType = sourcecode.swift; path = SceneDelegate.swift; sourceTree = "<group>"; };
		B929EBA9271EF163002BEE74 /* ViewController.swift */ = {isa = PBXFileReference; lastKnownFileType = sourcecode.swift; path = ViewController.swift; sourceTree = "<group>"; };
		B929EBAC271EF163002BEE74 /* Base */ = {isa = PBXFileReference; lastKnownFileType = file.storyboard; name = Base; path = Base.lproj/Main.storyboard; sourceTree = "<group>"; };
		B929EBAF271EF163002BEE74 /* FavMovies.xcdatamodel */ = {isa = PBXFileReference; lastKnownFileType = wrapper.xcdatamodel; path = FavMovies.xcdatamodel; sourceTree = "<group>"; };
		B929EBB1271EF164002BEE74 /* Assets.xcassets */ = {isa = PBXFileReference; lastKnownFileType = folder.assetcatalog; path = Assets.xcassets; sourceTree = "<group>"; };
		B929EBB4271EF164002BEE74 /* Base */ = {isa = PBXFileReference; lastKnownFileType = file.storyboard; name = Base; path = Base.lproj/LaunchScreen.storyboard; sourceTree = "<group>"; };
		B929EBB6271EF164002BEE74 /* Info.plist */ = {isa = PBXFileReference; lastKnownFileType = text.plist.xml; path = Info.plist; sourceTree = "<group>"; };
		B9F09302271EF8EC00A39E68 /* Movies.swift */ = {isa = PBXFileReference; lastKnownFileType = sourcecode.swift; path = Movies.swift; sourceTree = "<group>"; };
		B9F09304271EF91000A39E68 /* SecondViewController.swift */ = {isa = PBXFileReference; lastKnownFileType = sourcecode.swift; path = SecondViewController.swift; sourceTree = "<group>"; };
/* End PBXFileReference section */

/* Begin PBXFrameworksBuildPhase section */
		B929EB9F271EF163002BEE74 /* Frameworks */ = {
			isa = PBXFrameworksBuildPhase;
			buildActionMask = 2147483647;
			files = (
			);
			runOnlyForDeploymentPostprocessing = 0;
		};
/* End PBXFrameworksBuildPhase section */

/* Begin PBXGroup section */
		B929EB99271EF163002BEE74 = {
			isa = PBXGroup;
			children = (
				B929EBA4271EF163002BEE74 /* FavMovies */,
				B929EBA3271EF163002BEE74 /* Products */,
			);
			sourceTree = "<group>";
		};
		B929EBA3271EF163002BEE74 /* Products */ = {
			isa = PBXGroup;
			children = (
				B929EBA2271EF163002BEE74 /* FavMovies.app */,
			);
			name = Products;
			sourceTree = "<group>";
		};
		B929EBA4271EF163002BEE74 /* FavMovies */ = {
			isa = PBXGroup;
			children = (
				B929EBA5271EF163002BEE74 /* AppDelegate.swift */,
				B929EBA7271EF163002BEE74 /* SceneDelegate.swift */,
				B929EBA9271EF163002BEE74 /* ViewController.swift */,
				B929EBAB271EF163002BEE74 /* Main.storyboard */,
				B9F09304271EF91000A39E68 /* SecondViewController.swift */,
				B9F09302271EF8EC00A39E68 /* Movies.swift */,
				B929EBB1271EF164002BEE74 /* Assets.xcassets */,
				B929EBB3271EF164002BEE74 /* LaunchScreen.storyboard */,
				B929EBB6271EF164002BEE74 /* Info.plist */,
				B929EBAE271EF163002BEE74 /* FavMovies.xcdatamodeld */,
			);
			path = FavMovies;
			sourceTree = "<group>";
		};
/* End PBXGroup section */

/* Begin PBXNativeTarget section */
		B929EBA1271EF163002BEE74 /* FavMovies */ = {
			isa = PBXNativeTarget;
			buildConfigurationList = B929EBB9271EF164002BEE74 /* Build configuration list for PBXNativeTarget "FavMovies" */;
			buildPhases = (
				B929EB9E271EF163002BEE74 /* Sources */,
				B929EB9F271EF163002BEE74 /* Frameworks */,
				B929EBA0271EF163002BEE74 /* Resources */,
			);
			buildRules = (
			);
			dependencies = (
			);
			name = FavMovies;
			productName = FavMovies;
			productReference = B929EBA2271EF163002BEE74 /* FavMovies.app */;
			productType = "com.apple.product-type.application";
		};
/* End PBXNativeTarget section */

/* Begin PBXProject section */
		B929EB9A271EF163002BEE74 /* Project object */ = {
			isa = PBXProject;
			attributes = {
				BuildIndependentTargetsInParallel = 1;
				LastSwiftUpdateCheck = 1300;
				LastUpgradeCheck = 1300;
				TargetAttributes = {
					B929EBA1271EF163002BEE74 = {
						CreatedOnToolsVersion = 13.0;
					};
				};
			};
			buildConfigurationList = B929EB9D271EF163002BEE74 /* Build configuration list for PBXProject "FavMovies" */;
			compatibilityVersion = "Xcode 13.0";
			developmentRegion = en;
			hasScannedForEncodings = 0;
			knownRegions = (
				en,
				Base,
			);
			mainGroup = B929EB99271EF163002BEE74;
			productRefGroup = B929EBA3271EF163002BEE74 /* Products */;
			projectDirPath = "";
			projectRoot = "";
			targets = (
				B929EBA1271EF163002BEE74 /* FavMovies */,
			);
		};
/* End PBXProject section */

/* Begin PBXResourcesBuildPhase section */
		B929EBA0271EF163002BEE74 /* Resources */ = {
			isa = PBXResourcesBuildPhase;
			buildActionMask = 2147483647;
			files = (
				B929EBB5271EF164002BEE74 /* LaunchScreen.storyboard in Resources */,
				B929EBB2271EF164002BEE74 /* Assets.xcassets in Resources */,
				B929EBAD271EF163002BEE74 /* Main.storyboard in Resources */,
			);
			runOnlyForDeploymentPostprocessing = 0;
		};
/* End PBXResourcesBuildPhase section */

/* Begin PBXSourcesBuildPhase section */
		B929EB9E271EF163002BEE74 /* Sources */ = {
			isa = PBXSourcesBuildPhase;
			buildActionMask = 2147483647;
			files = (
				B9F09305271EF91000A39E68 /* SecondViewController.swift in Sources */,
				B9F09303271EF8EC00A39E68 /* Movies.swift in Sources */,
				B929EBAA271EF163002BEE74 /* ViewController.swift in Sources */,
				B929EBA6271EF163002BEE74 /* AppDelegate.swift in Sources */,
				B929EBB0271EF163002BEE74 /* FavMovies.xcdatamodeld in Sources */,
				B929EBA8271EF163002BEE74 /* SceneDelegate.swift in Sources */,
			);
			runOnlyForDeploymentPostprocessing = 0;
		};
/* End PBXSourcesBuildPhase section */

/* Begin PBXVariantGroup section */
		B929EBAB271EF163002BEE74 /* Main.storyboard */ = {
			isa = PBXVariantGroup;
			children = (
				B929EBAC271EF163002BEE74 /* Base */,
			);
			name = Main.storyboard;
			sourceTree = "<group>";
		};
		B929EBB3271EF164002BEE74 /* LaunchScreen.storyboard */ = {
			isa = PBXVariantGroup;
			children = (
				B929EBB4271EF164002BEE74 /* Base */,
			);
			name = LaunchScreen.storyboard;
			sourceTree = "<group>";
		};
/* End PBXVariantGroup section */

/* Begin XCBuildConfiguration section */
		B929EBB7271EF164002BEE74 /* Debug */ = {
			isa = XCBuildConfiguration;
			buildSettings = {
				ALWAYS_SEARCH_USER_PATHS = NO;
				CLANG_ANALYZER_NONNULL = YES;
				CLANG_ANALYZER_NUMBER_OBJECT_CONVERSION = YES_AGGRESSIVE;
				CLANG_CXX_LANGUAGE_STANDARD = "gnu++17";
				CLANG_CXX_LIBRARY = "libc++";
				CLANG_ENABLE_MODULES = YES;
				CLANG_ENABLE_OBJC_ARC = YES;
				CLANG_ENABLE_OBJC_WEAK = YES;
				CLANG_WARN_BLOCK_CAPTURE_AUTORELEASING = YES;
				CLANG_WARN_BOOL_CONVERSION = YES;
				CLANG_WARN_COMMA = YES;
				CLANG_WARN_CONSTANT_CONVERSION = YES;
				CLANG_WARN_DEPRECATED_OBJC_IMPLEMENTATIONS = YES;
				CLANG_WARN_DIRECT_OBJC_ISA_USAGE = YES_ERROR;
				CLANG_WARN_DOCUMENTATION_COMMENTS = YES;
				CLANG_WARN_EMPTY_BODY = YES;
				CLANG_WARN_ENUM_CONVERSION = YES;
				CLANG_WARN_INFINITE_RECURSION = YES;
				CLANG_WARN_INT_CONVERSION = YES;
				CLANG_WARN_NON_LITERAL_NULL_CONVERSION = YES;
				CLANG_WARN_OBJC_IMPLICIT_RETAIN_SELF = YES;
				CLANG_WARN_OBJC_LITERAL_CONVERSION = YES;
				CLANG_WARN_OBJC_ROOT_CLASS = YES_ERROR;
				CLANG_WARN_QUOTED_INCLUDE_IN_FRAMEWORK_HEADER = YES;
				CLANG_WARN_RANGE_LOOP_ANALYSIS = YES;
				CLANG_WARN_STRICT_PROTOTYPES = YES;
				CLANG_WARN_SUSPICIOUS_MOVE = YES;
				CLANG_WARN_UNGUARDED_AVAILABILITY = YES_AGGRESSIVE;
				CLANG_WARN_UNREACHABLE_CODE = YES;
				CLANG_WARN__DUPLICATE_METHOD_MATCH = YES;
				COPY_PHASE_STRIP = NO;
				DEBUG_INFORMATION_FORMAT = dwarf;
				ENABLE_STRICT_OBJC_MSGSEND = YES;
				ENABLE_TESTABILITY = YES;
				GCC_C_LANGUAGE_STANDARD = gnu11;
				GCC_DYNAMIC_NO_PIC = NO;
				GCC_NO_COMMON_BLOCKS = YES;
				GCC_OPTIMIZATION_LEVEL = 0;
				GCC_PREPROCESSOR_DEFINITIONS = (
					"DEBUG=1",
					"$(inherited)",
				);
				GCC_WARN_64_TO_32_BIT_CONVERSION = YES;
				GCC_WARN_ABOUT_RETURN_TYPE = YES_ERROR;
				GCC_WARN_UNDECLARED_SELECTOR = YES;
				GCC_WARN_UNINITIALIZED_AUTOS = YES_AGGRESSIVE;
				GCC_WARN_UNUSED_FUNCTION = YES;
				GCC_WARN_UNUSED_VARIABLE = YES;
				IPHONEOS_DEPLOYMENT_TARGET = 15.0;
				MTL_ENABLE_DEBUG_INFO = INCLUDE_SOURCE;
				MTL_FAST_MATH = YES;
				ONLY_ACTIVE_ARCH = YES;
				SDKROOT = iphoneos;
				SWIFT_ACTIVE_COMPILATION_CONDITIONS = DEBUG;
				SWIFT_OPTIMIZATION_LEVEL = "-Onone";
			};
			name = Debug;
		};
		B929EBB8271EF164002BEE74 /* Release */ = {
			isa = XCBuildConfiguration;
			buildSettings = {
				ALWAYS_SEARCH_USER_PATHS = NO;
				CLANG_ANALYZER_NONNULL = YES;
				CLANG_ANALYZER_NUMBER_OBJECT_CONVERSION = YES_AGGRESSIVE;
				CLANG_CXX_LANGUAGE_STANDARD = "gnu++17";
				CLANG_CXX_LIBRARY = "libc++";
				CLANG_ENABLE_MODULES = YES;
				CLANG_ENABLE_OBJC_ARC = YES;
				CLANG_ENABLE_OBJC_WEAK = YES;
				CLANG_WARN_BLOCK_CAPTURE_AUTORELEASING = YES;
				CLANG_WARN_BOOL_CONVERSION = YES;
				CLANG_WARN_COMMA = YES;
				CLANG_WARN_CONSTANT_CONVERSION = YES;
				CLANG_WARN_DEPRECATED_OBJC_IMPLEMENTATIONS = YES;
				CLANG_WARN_DIRECT_OBJC_ISA_USAGE = YES_ERROR;
				CLANG_WARN_DOCUMENTATION_COMMENTS = YES;
				CLANG_WARN_EMPTY_BODY = YES;
				CLANG_WARN_ENUM_CONVERSION = YES;
				CLANG_WARN_INFINITE_RECURSION = YES;
				CLANG_WARN_INT_CONVERSION = YES;
				CLANG_WARN_NON_LITERAL_NULL_CONVERSION = YES;
				CLANG_WARN_OBJC_IMPLICIT_RETAIN_SELF = YES;
				CLANG_WARN_OBJC_LITERAL_CONVERSION = YES;
				CLANG_WARN_OBJC_ROOT_CLASS = YES_ERROR;
				CLANG_WARN_QUOTED_INCLUDE_IN_FRAMEWORK_HEADER = YES;
				CLANG_WARN_RANGE_LOOP_ANALYSIS = YES;
				CLANG_WARN_STRICT_PROTOTYPES = YES;
				CLANG_WARN_SUSPICIOUS_MOVE = YES;
				CLANG_WARN_UNGUARDED_AVAILABILITY = YES_AGGRESSIVE;
				CLANG_WARN_UNREACHABLE_CODE = YES;
				CLANG_WARN__DUPLICATE_METHOD_MATCH = YES;
				COPY_PHASE_STRIP = NO;
				DEBUG_INFORMATION_FORMAT = "dwarf-with-dsym";
				ENABLE_NS_ASSERTIONS = NO;
				ENABLE_STRICT_OBJC_MSGSEND = YES;
				GCC_C_LANGUAGE_STANDARD = gnu11;
				GCC_NO_COMMON_BLOCKS = YES;
				GCC_WARN_64_TO_32_BIT_CONVERSION = YES;
				GCC_WARN_ABOUT_RETURN_TYPE = YES_ERROR;
				GCC_WARN_UNDECLARED_SELECTOR = YES;
				GCC_WARN_UNINITIALIZED_AUTOS = YES_AGGRESSIVE;
				GCC_WARN_UNUSED_FUNCTION = YES;
				GCC_WARN_UNUSED_VARIABLE = YES;
				IPHONEOS_DEPLOYMENT_TARGET = 15.0;
				MTL_ENABLE_DEBUG_INFO = NO;
				MTL_FAST_MATH = YES;
				SDKROOT = iphoneos;
				SWIFT_COMPILATION_MODE = wholemodule;
				SWIFT_OPTIMIZATION_LEVEL = "-O";
				VALIDATE_PRODUCT = YES;
			};
			name = Release;
		};
		B929EBBA271EF164002BEE74 /* Debug */ = {
			isa = XCBuildConfiguration;
			buildSettings = {
				ASSETCATALOG_COMPILER_APPICON_NAME = AppIcon;
				ASSETCATALOG_COMPILER_GLOBAL_ACCENT_COLOR_NAME = AccentColor;
				CODE_SIGN_STYLE = Automatic;
				CURRENT_PROJECT_VERSION = 1;
				DEVELOPMENT_TEAM = A59HU95FY2;
				GENERATE_INFOPLIST_FILE = YES;
				INFOPLIST_FILE = FavMovies/Info.plist;
				INFOPLIST_KEY_UIApplicationSupportsIndirectInputEvents = YES;
				INFOPLIST_KEY_UILaunchStoryboardName = LaunchScreen;
				INFOPLIST_KEY_UIMainStoryboardFile = Main;
				INFOPLIST_KEY_UISupportedInterfaceOrientations_iPad = "UIInterfaceOrientationPortrait UIInterfaceOrientationPortraitUpsideDown UIInterfaceOrientationLandscapeLeft UIInterfaceOrientationLandscapeRight";
				INFOPLIST_KEY_UISupportedInterfaceOrientations_iPhone = "UIInterfaceOrientationPortrait UIInterfaceOrientationLandscapeLeft UIInterfaceOrientationLandscapeRight";
				LD_RUNPATH_SEARCH_PATHS = (
					"$(inherited)",
					"@executable_path/Frameworks",
				);
				MARKETING_VERSION = 1.0;
				PRODUCT_BUNDLE_IDENTIFIER = CLC.FavMovies;
				PRODUCT_NAME = "$(TARGET_NAME)";
				SWIFT_EMIT_LOC_STRINGS = YES;
				SWIFT_VERSION = 5.0;
				TARGETED_DEVICE_FAMILY = "1,2";
			};
			name = Debug;
		};
		B929EBBB271EF164002BEE74 /* Release */ = {
			isa = XCBuildConfiguration;
			buildSettings = {
				ASSETCATALOG_COMPILER_APPICON_NAME = AppIcon;
				ASSETCATALOG_COMPILER_GLOBAL_ACCENT_COLOR_NAME = AccentColor;
				CODE_SIGN_STYLE = Automatic;
				CURRENT_PROJECT_VERSION = 1;
				DEVELOPMENT_TEAM = A59HU95FY2;
				GENERATE_INFOPLIST_FILE = YES;
				INFOPLIST_FILE = FavMovies/Info.plist;
				INFOPLIST_KEY_UIApplicationSupportsIndirectInputEvents = YES;
				INFOPLIST_KEY_UILaunchStoryboardName = LaunchScreen;
				INFOPLIST_KEY_UIMainStoryboardFile = Main;
				INFOPLIST_KEY_UISupportedInterfaceOrientations_iPad = "UIInterfaceOrientationPortrait UIInterfaceOrientationPortraitUpsideDown UIInterfaceOrientationLandscapeLeft UIInterfaceOrientationLandscapeRight";
				INFOPLIST_KEY_UISupportedInterfaceOrientations_iPhone = "UIInterfaceOrientationPortrait UIInterfaceOrientationLandscapeLeft UIInterfaceOrientationLandscapeRight";
				LD_RUNPATH_SEARCH_PATHS = (
					"$(inherited)",
					"@executable_path/Frameworks",
				);
				MARKETING_VERSION = 1.0;
				PRODUCT_BUNDLE_IDENTIFIER = CLC.FavMovies;
				PRODUCT_NAME = "$(TARGET_NAME)";
				SWIFT_EMIT_LOC_STRINGS = YES;
				SWIFT_VERSION = 5.0;
				TARGETED_DEVICE_FAMILY = "1,2";
			};
			name = Release;
		};
/* End XCBuildConfiguration section */

/* Begin XCConfigurationList section */
		B929EB9D271EF163002BEE74 /* Build configuration list for PBXProject "FavMovies" */ = {
			isa = XCConfigurationList;
			buildConfigurations = (
				B929EBB7271EF164002BEE74 /* Debug */,
				B929EBB8271EF164002BEE74 /* Release */,
			);
			defaultConfigurationIsVisible = 0;
			defaultConfigurationName = Release;
		};
		B929EBB9271EF164002BEE74 /* Build configuration list for PBXNativeTarget "FavMovies" */ = {
			isa = XCConfigurationList;
			buildConfigurations = (
				B929EBBA271EF164002BEE74 /* Debug */,
				B929EBBB271EF164002BEE74 /* Release */,
			);
			defaultConfigurationIsVisible = 0;
			defaultConfigurationName = Release;
		};
/* End XCConfigurationList section */

/* Begin XCVersionGroup section */
		B929EBAE271EF163002BEE74 /* FavMovies.xcdatamodeld */ = {
			isa = XCVersionGroup;
			children = (
				B929EBAF271EF163002BEE74 /* FavMovies.xcdatamodel */,
			);
			currentVersion = B929EBAF271EF163002BEE74 /* FavMovies.xcdatamodel */;
			path = FavMovies.xcdatamodeld;
			sourceTree = "<group>";
			versionGroupType = wrapper.xcdatamodel;
		};
/* End XCVersionGroup section */
	};
	rootObject = B929EB9A271EF163002BEE74 /* Project object */;
}
